Microsoft Visual Studio Solution File, Format Version 12.00
# Visual Studio Version 17
VisualStudioVersion = 17.5.2.0
MinimumVisualStudioVersion = 10.0.40219.1
Project("{FAE04EC0-301F-11D3-BF4B-00C04F79EFBC}") = "Jellyfin.Plugin.Importrr", "Jellyfin.Plugin.Importrr\Jellyfin.Plugin.Importrr.csproj", "{0FF7290F-F7FA-F9F9-BABA-98BEB6CD05C2}"
EndProject
Global
	GlobalSection(SolutionConfigurationPlatforms) = preSolution
		Debug|Any CPU = Debug|Any CPU
		Release|Any CPU = Release|Any CPU
	EndGlobalSection
	GlobalSection(ProjectConfigurationPlatforms) = postSolution
		{0FF7290F-F7FA-F9F9-BABA-98BEB6CD05C2}.Debug|Any CPU.ActiveCfg = Debug|Any CPU
		{0FF7290F-F7FA-F9F9-BABA-98BEB6CD05C2}.Debug|Any CPU.Build.0 = Debug|Any CPU
		{0FF7290F-F7FA-F9F9-BABA-98BEB6CD05C2}.Release|Any CPU.ActiveCfg = Release|Any CPU
		{0FF7290F-F7FA-F9F9-BABA-98BEB6CD05C2}.Release|Any CPU.Build.0 = Release|Any CPU
	EndGlobalSection
	GlobalSection(SolutionProperties) = preSolution
		HideSolutionNode = FALSE
	EndGlobalSection
	GlobalSection(ExtensibilityGlobals) = postSolution
		SolutionGuid = {D839308D-EEC7-46CF-8FB9-B08C47F715DC}
	EndGlobalSection
EndGlobal
